
Microsoft Visual Studio Solution File, Format Version 12.00
# Visual Studio 2013
VisualStudioVersion = 12.0.21005.1
MinimumVisualStudioVersion = 10.0.40219.1
Project("{FAE04EC0-301F-11D3-BF4B-00C04F79EFBC}") = "r", "r\r.csproj", "{E2C673DD-C703-4D20-9D1C-8690E43594A4}"
EndProject
Project("{FAE04EC0-301F-11D3-BF4B-00C04F79EFBC}") = "hi", "hi\hi.csproj", "{46A3A4D6-C38B-47EF-9FA7-748B2F28D40F}"
EndProject
Project("{F184B08F-C81C-45F6-A57F-5ABD9991F28F}") = "demo", "demo\demo.vbproj", "{220F3C3D-E032-4756-BFE1-A9488D902A7F}"
EndProject
Project("{FAE04EC0-301F-11D3-BF4B-00C04F79EFBC}") = "blog", "blog\blog.csproj", "{19BF951C-A602-4889-8B48-C9C9B9D1EE04}"
EndProject
Project("{FAE04EC0-301F-11D3-BF4B-00C04F79EFBC}") = "robot", "robot\robot.csproj", "{BE42FAD1-E510-4B7F-83C7-97B87223D89C}"
EndProject
Global
	GlobalSection(SolutionConfigurationPlatforms) = preSolution
		Debug|Any CPU = Debug|Any CPU
		Release|Any CPU = Release|Any CPU
	EndGlobalSection
	GlobalSection(ProjectConfigurationPlatforms) = postSolution
		{E2C673DD-C703-4D20-9D1C-8690E43594A4}.Debug|Any CPU.ActiveCfg = Debug|Any CPU
		{E2C673DD-C703-4D20-9D1C-8690E43594A4}.Debug|Any CPU.Build.0 = Debug|Any CPU
		{E2C673DD-C703-4D20-9D1C-8690E43594A4}.Release|Any CPU.ActiveCfg = Release|Any CPU
		{E2C673DD-C703-4D20-9D1C-8690E43594A4}.Release|Any CPU.Build.0 = Release|Any CPU
		{46A3A4D6-C38B-47EF-9FA7-748B2F28D40F}.Debug|Any CPU.ActiveCfg = Debug|Any CPU
		{46A3A4D6-C38B-47EF-9FA7-748B2F28D40F}.Debug|Any CPU.Build.0 = Debug|Any CPU
		{46A3A4D6-C38B-47EF-9FA7-748B2F28D40F}.Release|Any CPU.ActiveCfg = Release|Any CPU
		{46A3A4D6-C38B-47EF-9FA7-748B2F28D40F}.Release|Any CPU.Build.0 = Release|Any CPU
		{220F3C3D-E032-4756-BFE1-A9488D902A7F}.Debug|Any CPU.ActiveCfg = Debug|Any CPU
		{220F3C3D-E032-4756-BFE1-A9488D902A7F}.Debug|Any CPU.Build.0 = Debug|Any CPU
		{220F3C3D-E032-4756-BFE1-A9488D902A7F}.Release|Any CPU.ActiveCfg = Release|Any CPU
		{220F3C3D-E032-4756-BFE1-A9488D902A7F}.Release|Any CPU.Build.0 = Release|Any CPU
		{19BF951C-A602-4889-8B48-C9C9B9D1EE04}.Debug|Any CPU.ActiveCfg = Debug|Any CPU
		{19BF951C-A602-4889-8B48-C9C9B9D1EE04}.Debug|Any CPU.Build.0 = Debug|Any CPU
		{19BF951C-A602-4889-8B48-C9C9B9D1EE04}.Release|Any CPU.ActiveCfg = Release|Any CPU
		{19BF951C-A602-4889-8B48-C9C9B9D1EE04}.Release|Any CPU.Build.0 = Release|Any CPU
		{BE42FAD1-E510-4B7F-83C7-97B87223D89C}.Debug|Any CPU.ActiveCfg = Debug|Any CPU
		{BE42FAD1-E510-4B7F-83C7-97B87223D89C}.Debug|Any CPU.Build.0 = Debug|Any CPU
		{BE42FAD1-E510-4B7F-83C7-97B87223D89C}.Release|Any CPU.ActiveCfg = Release|Any CPU
		{BE42FAD1-E510-4B7F-83C7-97B87223D89C}.Release|Any CPU.Build.0 = Release|Any CPU
	EndGlobalSection
	GlobalSection(SolutionProperties) = preSolution
		HideSolutionNode = FALSE
	EndGlobalSection
EndGlobal
