
Microsoft Visual Studio Solution File, Format Version 12.00
# Visual Studio 15
VisualStudioVersion = 15.0.26730.16
MinimumVisualStudioVersion = 10.0.40219.1
Project("{FAE04EC0-301F-11D3-BF4B-00C04F79EFBC}") = "r-uikit", "r-uikit\r-uikit.csproj", "{5109B344-5E8A-4C0B-8CEA-6AC0699197EC}"
EndProject
Project("{FAE04EC0-301F-11D3-BF4B-00C04F79EFBC}") = "uikitFrame", "uikitFrame\uikitFrame.csproj", "{8729D3C7-1B6E-4AA3-8DD3-0E601E44CB71}"
EndProject
Project("{FAE04EC0-301F-11D3-BF4B-00C04F79EFBC}") = "default", "default\default.csproj", "{458E800E-432D-43F8-A38C-C55186B3CA1B}"
EndProject
Project("{9092AA53-FB77-4645-B42D-1CCCA6BD08BD}") = "admindemo", "admindemo\admindemo.njsproj", "{001AFB12-0896-4953-A3AC-1F1AA3F44487}"
EndProject
Global
	GlobalSection(SolutionConfigurationPlatforms) = preSolution
		Debug|Any CPU = Debug|Any CPU
		Release|Any CPU = Release|Any CPU
	EndGlobalSection
	GlobalSection(ProjectConfigurationPlatforms) = postSolution
		{5109B344-5E8A-4C0B-8CEA-6AC0699197EC}.Debug|Any CPU.ActiveCfg = Debug|Any CPU
		{5109B344-5E8A-4C0B-8CEA-6AC0699197EC}.Debug|Any CPU.Build.0 = Debug|Any CPU
		{5109B344-5E8A-4C0B-8CEA-6AC0699197EC}.Release|Any CPU.ActiveCfg = Release|Any CPU
		{5109B344-5E8A-4C0B-8CEA-6AC0699197EC}.Release|Any CPU.Build.0 = Release|Any CPU
		{8729D3C7-1B6E-4AA3-8DD3-0E601E44CB71}.Debug|Any CPU.ActiveCfg = Debug|Any CPU
		{8729D3C7-1B6E-4AA3-8DD3-0E601E44CB71}.Debug|Any CPU.Build.0 = Debug|Any CPU
		{8729D3C7-1B6E-4AA3-8DD3-0E601E44CB71}.Release|Any CPU.ActiveCfg = Release|Any CPU
		{8729D3C7-1B6E-4AA3-8DD3-0E601E44CB71}.Release|Any CPU.Build.0 = Release|Any CPU
		{458E800E-432D-43F8-A38C-C55186B3CA1B}.Debug|Any CPU.ActiveCfg = Debug|Any CPU
		{458E800E-432D-43F8-A38C-C55186B3CA1B}.Debug|Any CPU.Build.0 = Debug|Any CPU
		{458E800E-432D-43F8-A38C-C55186B3CA1B}.Release|Any CPU.ActiveCfg = Release|Any CPU
		{458E800E-432D-43F8-A38C-C55186B3CA1B}.Release|Any CPU.Build.0 = Release|Any CPU
		{001AFB12-0896-4953-A3AC-1F1AA3F44487}.Debug|Any CPU.ActiveCfg = Debug|Any CPU
		{001AFB12-0896-4953-A3AC-1F1AA3F44487}.Debug|Any CPU.Build.0 = Debug|Any CPU
		{001AFB12-0896-4953-A3AC-1F1AA3F44487}.Release|Any CPU.ActiveCfg = Release|Any CPU
		{001AFB12-0896-4953-A3AC-1F1AA3F44487}.Release|Any CPU.Build.0 = Release|Any CPU
	EndGlobalSection
	GlobalSection(SolutionProperties) = preSolution
		HideSolutionNode = FALSE
	EndGlobalSection
	GlobalSection(ExtensibilityGlobals) = postSolution
		SolutionGuid = {E62EDD99-6FF9-4991-ABBD-D9949EBBF4A7}
	EndGlobalSection
EndGlobal
